
Microsoft Visual Studio Solution File, Format Version 12.00
# Visual Studio Version 17
VisualStudioVersion = 17.3.32819.101
MinimumVisualStudioVersion = 10.0.40219.1
Project("{9A19103F-16F7-4668-BE54-9A1E7A4F7556}") = "HW", "HW\HW.csproj", "{47958122-9526-48CB-B2E0-F3D8E4E6DBF6}"
EndProject
Project("{9A19103F-16F7-4668-BE54-9A1E7A4F7556}") = "FintechWebApp", "..\FintechWebApp\FintechWebApp.csproj", "{A3467EDB-FAD3-4155-8542-FFC9E2A9E403}"
EndProject
Global
	GlobalSection(SolutionConfigurationPlatforms) = preSolution
		Debug|Any CPU = Debug|Any CPU
		Release|Any CPU = Release|Any CPU
	EndGlobalSection
	GlobalSection(ProjectConfigurationPlatforms) = postSolution
		{47958122-9526-48CB-B2E0-F3D8E4E6DBF6}.Debug|Any CPU.ActiveCfg = Debug|Any CPU
		{47958122-9526-48CB-B2E0-F3D8E4E6DBF6}.Debug|Any CPU.Build.0 = Debug|Any CPU
		{47958122-9526-48CB-B2E0-F3D8E4E6DBF6}.Release|Any CPU.ActiveCfg = Release|Any CPU
		{47958122-9526-48CB-B2E0-F3D8E4E6DBF6}.Release|Any CPU.Build.0 = Release|Any CPU
		{A3467EDB-FAD3-4155-8542-FFC9E2A9E403}.Debug|Any CPU.ActiveCfg = Debug|Any CPU
		{A3467EDB-FAD3-4155-8542-FFC9E2A9E403}.Debug|Any CPU.Build.0 = Debug|Any CPU
		{A3467EDB-FAD3-4155-8542-FFC9E2A9E403}.Release|Any CPU.ActiveCfg = Release|Any CPU
		{A3467EDB-FAD3-4155-8542-FFC9E2A9E403}.Release|Any CPU.Build.0 = Release|Any CPU
	EndGlobalSection
	GlobalSection(SolutionProperties) = preSolution
		HideSolutionNode = FALSE
	EndGlobalSection
	GlobalSection(ExtensibilityGlobals) = postSolution
		SolutionGuid = {FC662F31-3224-4E7F-9F44-BF0E756102A8}
	EndGlobalSection
EndGlobal
